{
  "pins" : [
    {
      "identity" : "wkdownloadmanager",
      "kind" : "remoteSourceControl",
      "location" : "https://github.com/kuttz/WKDownloadManager",
      "state" : {
        "branch" : "main",
        "revision" : "2a54084fa146e79b0fd9121b6daf8e60b9eba4fe"
      }
    }
  ],
  "version" : 2
}
