{
  "pins" : [
    {
      "identity" : "wkdownloadmanager",
      "kind" : "remoteSourceControl",
      "location" : "https://github.com/kuttz/WKDownloadManager",
      "state" : {
        "branch" : "main",
        "revision" : "b3a7515d76b5c75e1a444c5987b86ad2e38918bf"
      }
    }
  ],
  "version" : 2
}
